// !$*UTF8*$!
{
	archiveVersion = 1;
	classes = {
	};
	objectVersion = 55;
	objects = {

/* Begin PBXBuildFile section */
		524087E4278E3D950048C6EE /* IndexedCoordinator.swift in Sources */ = {isa = PBXBuildFile; fileRef = 524087E1278E3D950048C6EE /* IndexedCoordinator.swift */; };
		524087E5278E3D950048C6EE /* Screen.swift in Sources */ = {isa = PBXBuildFile; fileRef = 524087E2278E3D950048C6EE /* Screen.swift */; };
		524087E6278E3D950048C6EE /* IdentifiedCoordinator.swift in Sources */ = {isa = PBXBuildFile; fileRef = 524087E3278E3D950048C6EE /* IdentifiedCoordinator.swift */; };
		524087E7278E3D9F0048C6EE /* IdentifiedCoordinator.swift in Sources */ = {isa = PBXBuildFile; fileRef = 524087E3278E3D950048C6EE /* IdentifiedCoordinator.swift */; };
		524087E8278E3D9F0048C6EE /* IndexedCoordinator.swift in Sources */ = {isa = PBXBuildFile; fileRef = 524087E1278E3D950048C6EE /* IndexedCoordinator.swift */; };
		524087E9278E3D9F0048C6EE /* Screen.swift in Sources */ = {isa = PBXBuildFile; fileRef = 524087E2278E3D950048C6EE /* Screen.swift */; };
		5248863026F2A26200970899 /* TCACoordinatorsExampleApp.swift in Sources */ = {isa = PBXBuildFile; fileRef = 5248862F26F2A26200970899 /* TCACoordinatorsExampleApp.swift */; };
		5248863426F2A26400970899 /* Assets.xcassets in Resources */ = {isa = PBXBuildFile; fileRef = 5248863326F2A26400970899 /* Assets.xcassets */; };
		5248863726F2A26400970899 /* Preview Assets.xcassets in Resources */ = {isa = PBXBuildFile; fileRef = 5248863626F2A26400970899 /* Preview Assets.xcassets */; };
		5248864126F2A26500970899 /* TCACoordinatorsExampleTests.swift in Sources */ = {isa = PBXBuildFile; fileRef = 5248864026F2A26500970899 /* TCACoordinatorsExampleTests.swift */; };
		5248864B26F2A26500970899 /* TCACoordinatorsExampleUITests.swift in Sources */ = {isa = PBXBuildFile; fileRef = 5248864A26F2A26500970899 /* TCACoordinatorsExampleUITests.swift */; };
		5248864D26F2A26500970899 /* TCACoordinatorsExampleUITestsLaunchTests.swift in Sources */ = {isa = PBXBuildFile; fileRef = 5248864C26F2A26500970899 /* TCACoordinatorsExampleUITestsLaunchTests.swift */; };
		5248866026F2A53B00970899 /* TCACoordinators in Frameworks */ = {isa = PBXBuildFile; productRef = 5248865F26F2A53B00970899 /* TCACoordinators */; };
		528FEDEB2880BD94007765AD /* Step3.swift in Sources */ = {isa = PBXBuildFile; fileRef = 528FEDEA2880BC61007765AD /* Step3.swift */; };
		528FEDEC2880BD94007765AD /* Step1.swift in Sources */ = {isa = PBXBuildFile; fileRef = 528FEDE82880BC61007765AD /* Step1.swift */; };
		528FEDED2880BD94007765AD /* FinalScreen.swift in Sources */ = {isa = PBXBuildFile; fileRef = 528FEDE72880BC60007765AD /* FinalScreen.swift */; };
		528FEDEE2880BD94007765AD /* FormScreen.swift in Sources */ = {isa = PBXBuildFile; fileRef = 528FEDE42880BC60007765AD /* FormScreen.swift */; };
		528FEDEF2880BD94007765AD /* FormAppCoordinator.swift in Sources */ = {isa = PBXBuildFile; fileRef = 528FEDE62880BC60007765AD /* FormAppCoordinator.swift */; };
		528FEDF12880BD94007765AD /* Step2.swift in Sources */ = {isa = PBXBuildFile; fileRef = 528FEDE92880BC61007765AD /* Step2.swift */; };
		528FEDF22880BD95007765AD /* Step3.swift in Sources */ = {isa = PBXBuildFile; fileRef = 528FEDEA2880BC61007765AD /* Step3.swift */; };
		528FEDF32880BD95007765AD /* Step1.swift in Sources */ = {isa = PBXBuildFile; fileRef = 528FEDE82880BC61007765AD /* Step1.swift */; };
		528FEDF42880BD95007765AD /* FinalScreen.swift in Sources */ = {isa = PBXBuildFile; fileRef = 528FEDE72880BC60007765AD /* FinalScreen.swift */; };
		528FEDF52880BD95007765AD /* FormScreen.swift in Sources */ = {isa = PBXBuildFile; fileRef = 528FEDE42880BC60007765AD /* FormScreen.swift */; };
		528FEDF62880BD95007765AD /* FormAppCoordinator.swift in Sources */ = {isa = PBXBuildFile; fileRef = 528FEDE62880BC60007765AD /* FormAppCoordinator.swift */; };
		528FEDF82880BD95007765AD /* Step2.swift in Sources */ = {isa = PBXBuildFile; fileRef = 528FEDE92880BC61007765AD /* Step2.swift */; };
		529822D2283D76AD0011112B /* GameView.swift in Sources */ = {isa = PBXBuildFile; fileRef = 529822CE283D76AD0011112B /* GameView.swift */; };
		529822D3283D76AD0011112B /* AppCoordinator.swift in Sources */ = {isa = PBXBuildFile; fileRef = 529822CF283D76AD0011112B /* AppCoordinator.swift */; };
		529822D4283D76AD0011112B /* LogInCoordinator.swift in Sources */ = {isa = PBXBuildFile; fileRef = 529822D0283D76AD0011112B /* LogInCoordinator.swift */; };
		529822D5283D76AD0011112B /* GameCoordinator.swift in Sources */ = {isa = PBXBuildFile; fileRef = 529822D1283D76AD0011112B /* GameCoordinator.swift */; };
		529822D7283D76F60011112B /* WelcomeView.swift in Sources */ = {isa = PBXBuildFile; fileRef = 529822D6283D76F60011112B /* WelcomeView.swift */; };
		529822D9283D77060011112B /* LogInView.swift in Sources */ = {isa = PBXBuildFile; fileRef = 529822D8283D77060011112B /* LogInView.swift */; };
		912FC7232BEBAB7A0036B444 /* LogInScreen+StateIdentifiable.swift in Sources */ = {isa = PBXBuildFile; fileRef = 912FC7222BEBAB7A0036B444 /* LogInScreen+StateIdentifiable.swift */; };
		912FC7252BEBAFAA0036B444 /* FormScreen+Identifiable.swift in Sources */ = {isa = PBXBuildFile; fileRef = 912FC7242BEBAFAA0036B444 /* FormScreen+Identifiable.swift */; };
		912FC7272BEBB9080036B444 /* GameViewState.swift in Sources */ = {isa = PBXBuildFile; fileRef = 912FC7262BEBB9080036B444 /* GameViewState.swift */; };
/* End PBXBuildFile section */

/* Begin PBXContainerItemProxy section */
		5248863D26F2A26500970899 /* PBXContainerItemProxy */ = {
			isa = PBXContainerItemProxy;
			containerPortal = 5248862426F2A26200970899 /* Project object */;
			proxyType = 1;
			remoteGlobalIDString = 5248862B26F2A26200970899;
			remoteInfo = TCACoordinatorsExample;
		};
		5248864726F2A26500970899 /* PBXContainerItemProxy */ = {
			isa = PBXContainerItemProxy;
			containerPortal = 5248862426F2A26200970899 /* Project object */;
			proxyType = 1;
			remoteGlobalIDString = 5248862B26F2A26200970899;
			remoteInfo = TCACoordinatorsExample;
		};
/* End PBXContainerItemProxy section */

/* Begin PBXFileReference section */
		52393DCF2A12E45F00CD207C /* Info.plist */ = {isa = PBXFileReference; lastKnownFileType = text.plist; path = Info.plist; sourceTree = "<group>"; };
		524087E1278E3D950048C6EE /* IndexedCoordinator.swift */ = {isa = PBXFileReference; fileEncoding = 4; lastKnownFileType = sourcecode.swift; path = IndexedCoordinator.swift; sourceTree = "<group>"; };
		524087E2278E3D950048C6EE /* Screen.swift */ = {isa = PBXFileReference; fileEncoding = 4; lastKnownFileType = sourcecode.swift; path = Screen.swift; sourceTree = "<group>"; };
		524087E3278E3D950048C6EE /* IdentifiedCoordinator.swift */ = {isa = PBXFileReference; fileEncoding = 4; lastKnownFileType = sourcecode.swift; path = IdentifiedCoordinator.swift; sourceTree = "<group>"; };
		5248862C26F2A26200970899 /* TCACoordinatorsExample.app */ = {isa = PBXFileReference; explicitFileType = wrapper.application; includeInIndex = 0; path = TCACoordinatorsExample.app; sourceTree = BUILT_PRODUCTS_DIR; };
		5248862F26F2A26200970899 /* TCACoordinatorsExampleApp.swift */ = {isa = PBXFileReference; lastKnownFileType = sourcecode.swift; path = TCACoordinatorsExampleApp.swift; sourceTree = "<group>"; };
		5248863326F2A26400970899 /* Assets.xcassets */ = {isa = PBXFileReference; lastKnownFileType = folder.assetcatalog; path = Assets.xcassets; sourceTree = "<group>"; };
		5248863626F2A26400970899 /* Preview Assets.xcassets */ = {isa = PBXFileReference; lastKnownFileType = folder.assetcatalog; path = "Preview Assets.xcassets"; sourceTree = "<group>"; };
		5248863C26F2A26500970899 /* TCACoordinatorsExampleTests.xctest */ = {isa = PBXFileReference; explicitFileType = wrapper.cfbundle; includeInIndex = 0; path = TCACoordinatorsExampleTests.xctest; sourceTree = BUILT_PRODUCTS_DIR; };
		5248864026F2A26500970899 /* TCACoordinatorsExampleTests.swift */ = {isa = PBXFileReference; lastKnownFileType = sourcecode.swift; path = TCACoordinatorsExampleTests.swift; sourceTree = "<group>"; };
		5248864626F2A26500970899 /* TCACoordinatorsExampleUITests.xctest */ = {isa = PBXFileReference; explicitFileType = wrapper.cfbundle; includeInIndex = 0; path = TCACoordinatorsExampleUITests.xctest; sourceTree = BUILT_PRODUCTS_DIR; };
		5248864A26F2A26500970899 /* TCACoordinatorsExampleUITests.swift */ = {isa = PBXFileReference; lastKnownFileType = sourcecode.swift; path = TCACoordinatorsExampleUITests.swift; sourceTree = "<group>"; };
		5248864C26F2A26500970899 /* TCACoordinatorsExampleUITestsLaunchTests.swift */ = {isa = PBXFileReference; lastKnownFileType = sourcecode.swift; path = TCACoordinatorsExampleUITestsLaunchTests.swift; sourceTree = "<group>"; };
		5248865A26F2A2C200970899 /* TCACoordinators */ = {isa = PBXFileReference; lastKnownFileType = folder; name = TCACoordinators; path = ..; sourceTree = "<group>"; };
		528FEDE42880BC60007765AD /* FormScreen.swift */ = {isa = PBXFileReference; lastKnownFileType = sourcecode.swift; path = FormScreen.swift; sourceTree = "<group>"; };
		528FEDE62880BC60007765AD /* FormAppCoordinator.swift */ = {isa = PBXFileReference; lastKnownFileType = sourcecode.swift; path = FormAppCoordinator.swift; sourceTree = "<group>"; };
		528FEDE72880BC60007765AD /* FinalScreen.swift */ = {isa = PBXFileReference; lastKnownFileType = sourcecode.swift; path = FinalScreen.swift; sourceTree = "<group>"; };
		528FEDE82880BC61007765AD /* Step1.swift */ = {isa = PBXFileReference; lastKnownFileType = sourcecode.swift; path = Step1.swift; sourceTree = "<group>"; };
		528FEDE92880BC61007765AD /* Step2.swift */ = {isa = PBXFileReference; lastKnownFileType = sourcecode.swift; path = Step2.swift; sourceTree = "<group>"; };
		528FEDEA2880BC61007765AD /* Step3.swift */ = {isa = PBXFileReference; lastKnownFileType = sourcecode.swift; path = Step3.swift; sourceTree = "<group>"; };
		529822CE283D76AD0011112B /* GameView.swift */ = {isa = PBXFileReference; fileEncoding = 4; lastKnownFileType = sourcecode.swift; path = GameView.swift; sourceTree = "<group>"; };
		529822CF283D76AD0011112B /* AppCoordinator.swift */ = {isa = PBXFileReference; fileEncoding = 4; lastKnownFileType = sourcecode.swift; path = AppCoordinator.swift; sourceTree = "<group>"; };
		529822D0283D76AD0011112B /* LogInCoordinator.swift */ = {isa = PBXFileReference; fileEncoding = 4; lastKnownFileType = sourcecode.swift; path = LogInCoordinator.swift; sourceTree = "<group>"; };
		529822D1283D76AD0011112B /* GameCoordinator.swift */ = {isa = PBXFileReference; fileEncoding = 4; lastKnownFileType = sourcecode.swift; path = GameCoordinator.swift; sourceTree = "<group>"; };
		529822D6283D76F60011112B /* WelcomeView.swift */ = {isa = PBXFileReference; lastKnownFileType = sourcecode.swift; path = WelcomeView.swift; sourceTree = "<group>"; };
		529822D8283D77060011112B /* LogInView.swift */ = {isa = PBXFileReference; lastKnownFileType = sourcecode.swift; path = LogInView.swift; sourceTree = "<group>"; };
		912FC7222BEBAB7A0036B444 /* LogInScreen+StateIdentifiable.swift */ = {isa = PBXFileReference; lastKnownFileType = sourcecode.swift; path = "LogInScreen+StateIdentifiable.swift"; sourceTree = "<group>"; };
		912FC7242BEBAFAA0036B444 /* FormScreen+Identifiable.swift */ = {isa = PBXFileReference; lastKnownFileType = sourcecode.swift; path = "FormScreen+Identifiable.swift"; sourceTree = "<group>"; };
		912FC7262BEBB9080036B444 /* GameViewState.swift */ = {isa = PBXFileReference; lastKnownFileType = sourcecode.swift; path = GameViewState.swift; sourceTree = "<group>"; };
/* End PBXFileReference section */

/* Begin PBXFrameworksBuildPhase section */
		5248862926F2A26200970899 /* Frameworks */ = {
			isa = PBXFrameworksBuildPhase;
			buildActionMask = 2147483647;
			files = (
				5248866026F2A53B00970899 /* TCACoordinators in Frameworks */,
			);
			runOnlyForDeploymentPostprocessing = 0;
		};
		5248863926F2A26500970899 /* Frameworks */ = {
			isa = PBXFrameworksBuildPhase;
			buildActionMask = 2147483647;
			files = (
			);
			runOnlyForDeploymentPostprocessing = 0;
		};
		5248864326F2A26500970899 /* Frameworks */ = {
			isa = PBXFrameworksBuildPhase;
			buildActionMask = 2147483647;
			files = (
			);
			runOnlyForDeploymentPostprocessing = 0;
		};
/* End PBXFrameworksBuildPhase section */

/* Begin PBXGroup section */
		5248862326F2A26200970899 = {
			isa = PBXGroup;
			children = (
				5248865926F2A2C200970899 /* Packages */,
				5248862E26F2A26200970899 /* TCACoordinatorsExample */,
				5248863F26F2A26500970899 /* TCACoordinatorsExampleTests */,
				5248864926F2A26500970899 /* TCACoordinatorsExampleUITests */,
				5248862D26F2A26200970899 /* Products */,
				5248865E26F2A53B00970899 /* Frameworks */,
			);
			sourceTree = "<group>";
		};
		5248862D26F2A26200970899 /* Products */ = {
			isa = PBXGroup;
			children = (
				5248862C26F2A26200970899 /* TCACoordinatorsExample.app */,
				5248863C26F2A26500970899 /* TCACoordinatorsExampleTests.xctest */,
				5248864626F2A26500970899 /* TCACoordinatorsExampleUITests.xctest */,
			);
			name = Products;
			sourceTree = "<group>";
		};
		5248862E26F2A26200970899 /* TCACoordinatorsExample */ = {
			isa = PBXGroup;
			children = (
				52393DCF2A12E45F00CD207C /* Info.plist */,
				5248862F26F2A26200970899 /* TCACoordinatorsExampleApp.swift */,
				528FEDE32880BC58007765AD /* Form */,
				529822CD283D76AD0011112B /* Game */,
				524087E3278E3D950048C6EE /* IdentifiedCoordinator.swift */,
				524087E1278E3D950048C6EE /* IndexedCoordinator.swift */,
				524087E2278E3D950048C6EE /* Screen.swift */,
				5248863326F2A26400970899 /* Assets.xcassets */,
				5248863526F2A26400970899 /* Preview Content */,
			);
			path = TCACoordinatorsExample;
			sourceTree = "<group>";
		};
		5248863526F2A26400970899 /* Preview Content */ = {
			isa = PBXGroup;
			children = (
				5248863626F2A26400970899 /* Preview Assets.xcassets */,
			);
			path = "Preview Content";
			sourceTree = "<group>";
		};
		5248863F26F2A26500970899 /* TCACoordinatorsExampleTests */ = {
			isa = PBXGroup;
			children = (
				5248864026F2A26500970899 /* TCACoordinatorsExampleTests.swift */,
			);
			path = TCACoordinatorsExampleTests;
			sourceTree = "<group>";
		};
		5248864926F2A26500970899 /* TCACoordinatorsExampleUITests */ = {
			isa = PBXGroup;
			children = (
				5248864A26F2A26500970899 /* TCACoordinatorsExampleUITests.swift */,
				5248864C26F2A26500970899 /* TCACoordinatorsExampleUITestsLaunchTests.swift */,
			);
			path = TCACoordinatorsExampleUITests;
			sourceTree = "<group>";
		};
		5248865926F2A2C200970899 /* Packages */ = {
			isa = PBXGroup;
			children = (
				5248865A26F2A2C200970899 /* TCACoordinators */,
			);
			name = Packages;
			sourceTree = "<group>";
		};
		5248865E26F2A53B00970899 /* Frameworks */ = {
			isa = PBXGroup;
			children = (
			);
			name = Frameworks;
			sourceTree = "<group>";
		};
		528FEDE32880BC58007765AD /* Form */ = {
			isa = PBXGroup;
			children = (
				528FEDE62880BC60007765AD /* FormAppCoordinator.swift */,
				528FEDE42880BC60007765AD /* FormScreen.swift */,
				912FC7242BEBAFAA0036B444 /* FormScreen+Identifiable.swift */,
				528FEDE72880BC60007765AD /* FinalScreen.swift */,
				528FEDE82880BC61007765AD /* Step1.swift */,
				528FEDE92880BC61007765AD /* Step2.swift */,
				528FEDEA2880BC61007765AD /* Step3.swift */,
			);
			path = Form;
			sourceTree = "<group>";
		};
		529822CD283D76AD0011112B /* Game */ = {
			isa = PBXGroup;
			children = (
				529822CE283D76AD0011112B /* GameView.swift */,
				912FC7262BEBB9080036B444 /* GameViewState.swift */,
				529822CF283D76AD0011112B /* AppCoordinator.swift */,
				529822D0283D76AD0011112B /* LogInCoordinator.swift */,
				912FC7222BEBAB7A0036B444 /* LogInScreen+StateIdentifiable.swift */,
				529822D1283D76AD0011112B /* GameCoordinator.swift */,
				529822D6283D76F60011112B /* WelcomeView.swift */,
				529822D8283D77060011112B /* LogInView.swift */,
			);
			path = Game;
			sourceTree = "<group>";
		};
/* End PBXGroup section */

/* Begin PBXNativeTarget section */
		5248862B26F2A26200970899 /* TCACoordinatorsExample */ = {
			isa = PBXNativeTarget;
			buildConfigurationList = 5248865026F2A26500970899 /* Build configuration list for PBXNativeTarget "TCACoordinatorsExample" */;
			buildPhases = (
				5248862826F2A26200970899 /* Sources */,
				5248862926F2A26200970899 /* Frameworks */,
				5248862A26F2A26200970899 /* Resources */,
			);
			buildRules = (
			);
			dependencies = (
			);
			name = TCACoordinatorsExample;
			packageProductDependencies = (
				5248865F26F2A53B00970899 /* TCACoordinators */,
			);
			productName = TCACoordinatorsExample;
			productReference = 5248862C26F2A26200970899 /* TCACoordinatorsExample.app */;
			productType = "com.apple.product-type.application";
		};
		5248863B26F2A26500970899 /* TCACoordinatorsExampleTests */ = {
			isa = PBXNativeTarget;
			buildConfigurationList = 5248865326F2A26500970899 /* Build configuration list for PBXNativeTarget "TCACoordinatorsExampleTests" */;
			buildPhases = (
				5248863826F2A26500970899 /* Sources */,
				5248863926F2A26500970899 /* Frameworks */,
				5248863A26F2A26500970899 /* Resources */,
			);
			buildRules = (
			);
			dependencies = (
				5248863E26F2A26500970899 /* PBXTargetDependency */,
			);
			name = TCACoordinatorsExampleTests;
			productName = TCACoordinatorsExampleTests;
			productReference = 5248863C26F2A26500970899 /* TCACoordinatorsExampleTests.xctest */;
			productType = "com.apple.product-type.bundle.unit-test";
		};
		5248864526F2A26500970899 /* TCACoordinatorsExampleUITests */ = {
			isa = PBXNativeTarget;
			buildConfigurationList = 5248865626F2A26500970899 /* Build configuration list for PBXNativeTarget "TCACoordinatorsExampleUITests" */;
			buildPhases = (
				5248864226F2A26500970899 /* Sources */,
				5248864326F2A26500970899 /* Frameworks */,
				5248864426F2A26500970899 /* Resources */,
			);
			buildRules = (
			);
			dependencies = (
				5248864826F2A26500970899 /* PBXTargetDependency */,
			);
			name = TCACoordinatorsExampleUITests;
			productName = TCACoordinatorsExampleUITests;
			productReference = 5248864626F2A26500970899 /* TCACoordinatorsExampleUITests.xctest */;
			productType = "com.apple.product-type.bundle.ui-testing";
		};
/* End PBXNativeTarget section */

/* Begin PBXProject section */
		5248862426F2A26200970899 /* Project object */ = {
			isa = PBXProject;
			attributes = {
				BuildIndependentTargetsInParallel = 1;
				LastSwiftUpdateCheck = 1300;
				LastUpgradeCheck = 1300;
				TargetAttributes = {
					5248862B26F2A26200970899 = {
						CreatedOnToolsVersion = 13.0;
					};
					5248863B26F2A26500970899 = {
						CreatedOnToolsVersion = 13.0;
						TestTargetID = 5248862B26F2A26200970899;
					};
					5248864526F2A26500970899 = {
						CreatedOnToolsVersion = 13.0;
						TestTargetID = 5248862B26F2A26200970899;
					};
				};
			};
			buildConfigurationList = 5248862726F2A26200970899 /* Build configuration list for PBXProject "TCACoordinatorsExample" */;
			compatibilityVersion = "Xcode 13.0";
			developmentRegion = en;
			hasScannedForEncodings = 0;
			knownRegions = (
				en,
				Base,
			);
			mainGroup = 5248862326F2A26200970899;
			productRefGroup = 5248862D26F2A26200970899 /* Products */;
			projectDirPath = "";
			projectRoot = "";
			targets = (
				5248862B26F2A26200970899 /* TCACoordinatorsExample */,
				5248863B26F2A26500970899 /* TCACoordinatorsExampleTests */,
				5248864526F2A26500970899 /* TCACoordinatorsExampleUITests */,
			);
		};
/* End PBXProject section */

/* Begin PBXResourcesBuildPhase section */
		5248862A26F2A26200970899 /* Resources */ = {
			isa = PBXResourcesBuildPhase;
			buildActionMask = 2147483647;
			files = (
				5248863726F2A26400970899 /* Preview Assets.xcassets in Resources */,
				5248863426F2A26400970899 /* Assets.xcassets in Resources */,
			);
			runOnlyForDeploymentPostprocessing = 0;
		};
		5248863A26F2A26500970899 /* Resources */ = {
			isa = PBXResourcesBuildPhase;
			buildActionMask = 2147483647;
			files = (
			);
			runOnlyForDeploymentPostprocessing = 0;
		};
		5248864426F2A26500970899 /* Resources */ = {
			isa = PBXResourcesBuildPhase;
			buildActionMask = 2147483647;
			files = (
			);
			runOnlyForDeploymentPostprocessing = 0;
		};
/* End PBXResourcesBuildPhase section */

/* Begin PBXSourcesBuildPhase section */
		5248862826F2A26200970899 /* Sources */ = {
			isa = PBXSourcesBuildPhase;
			buildActionMask = 2147483647;
			files = (
				529822D9283D77060011112B /* LogInView.swift in Sources */,
				529822D5283D76AD0011112B /* GameCoordinator.swift in Sources */,
				524087E4278E3D950048C6EE /* IndexedCoordinator.swift in Sources */,
				529822D4283D76AD0011112B /* LogInCoordinator.swift in Sources */,
				5248863026F2A26200970899 /* TCACoordinatorsExampleApp.swift in Sources */,
				528FEDF82880BD95007765AD /* Step2.swift in Sources */,
				528FEDF42880BD95007765AD /* FinalScreen.swift in Sources */,
				529822D7283D76F60011112B /* WelcomeView.swift in Sources */,
				528FEDF52880BD95007765AD /* FormScreen.swift in Sources */,
				912FC7252BEBAFAA0036B444 /* FormScreen+Identifiable.swift in Sources */,
				912FC7232BEBAB7A0036B444 /* LogInScreen+StateIdentifiable.swift in Sources */,
				524087E5278E3D950048C6EE /* Screen.swift in Sources */,
				528FEDF22880BD95007765AD /* Step3.swift in Sources */,
				529822D3283D76AD0011112B /* AppCoordinator.swift in Sources */,
				524087E6278E3D950048C6EE /* IdentifiedCoordinator.swift in Sources */,
				528FEDF62880BD95007765AD /* FormAppCoordinator.swift in Sources */,
				529822D2283D76AD0011112B /* GameView.swift in Sources */,
				528FEDF32880BD95007765AD /* Step1.swift in Sources */,
				912FC7272BEBB9080036B444 /* GameViewState.swift in Sources */,
			);
			runOnlyForDeploymentPostprocessing = 0;
		};
		5248863826F2A26500970899 /* Sources */ = {
			isa = PBXSourcesBuildPhase;
			buildActionMask = 2147483647;
			files = (
				524087E8278E3D9F0048C6EE /* IndexedCoordinator.swift in Sources */,
				528FEDEE2880BD94007765AD /* FormScreen.swift in Sources */,
				5248864126F2A26500970899 /* TCACoordinatorsExampleTests.swift in Sources */,
				528FEDED2880BD94007765AD /* FinalScreen.swift in Sources */,
				524087E7278E3D9F0048C6EE /* IdentifiedCoordinator.swift in Sources */,
				528FEDF12880BD94007765AD /* Step2.swift in Sources */,
				524087E9278E3D9F0048C6EE /* Screen.swift in Sources */,
				528FEDEF2880BD94007765AD /* FormAppCoordinator.swift in Sources */,
				528FEDEB2880BD94007765AD /* Step3.swift in Sources */,
				528FEDEC2880BD94007765AD /* Step1.swift in Sources */,
			);
			runOnlyForDeploymentPostprocessing = 0;
		};
		5248864226F2A26500970899 /* Sources */ = {
			isa = PBXSourcesBuildPhase;
			buildActionMask = 2147483647;
			files = (
				5248864B26F2A26500970899 /* TCACoordinatorsExampleUITests.swift in Sources */,
				5248864D26F2A26500970899 /* TCACoordinatorsExampleUITestsLaunchTests.swift in Sources */,
			);
			runOnlyForDeploymentPostprocessing = 0;
		};
/* End PBXSourcesBuildPhase section */

/* Begin PBXTargetDependency section */
		5248863E26F2A26500970899 /* PBXTargetDependency */ = {
			isa = PBXTargetDependency;
			target = 5248862B26F2A26200970899 /* TCACoordinatorsExample */;
			targetProxy = 5248863D26F2A26500970899 /* PBXContainerItemProxy */;
		};
		5248864826F2A26500970899 /* PBXTargetDependency */ = {
			isa = PBXTargetDependency;
			target = 5248862B26F2A26200970899 /* TCACoordinatorsExample */;
			targetProxy = 5248864726F2A26500970899 /* PBXContainerItemProxy */;
		};
/* End PBXTargetDependency section */

/* Begin XCBuildConfiguration section */
		5248864E26F2A26500970899 /* Debug */ = {
			isa = XCBuildConfiguration;
			buildSettings = {
				ALWAYS_SEARCH_USER_PATHS = NO;
				CLANG_ANALYZER_NONNULL = YES;
				CLANG_ANALYZER_NUMBER_OBJECT_CONVERSION = YES_AGGRESSIVE;
				CLANG_CXX_LANGUAGE_STANDARD = "gnu++17";
				CLANG_CXX_LIBRARY = "libc++";
				CLANG_ENABLE_MODULES = YES;
				CLANG_ENABLE_OBJC_ARC = YES;
				CLANG_ENABLE_OBJC_WEAK = YES;
				CLANG_WARN_BLOCK_CAPTURE_AUTORELEASING = YES;
				CLANG_WARN_BOOL_CONVERSION = YES;
				CLANG_WARN_COMMA = YES;
				CLANG_WARN_CONSTANT_CONVERSION = YES;
				CLANG_WARN_DEPRECATED_OBJC_IMPLEMENTATIONS = YES;
				CLANG_WARN_DIRECT_OBJC_ISA_USAGE = YES_ERROR;
				CLANG_WARN_DOCUMENTATION_COMMENTS = YES;
				CLANG_WARN_EMPTY_BODY = YES;
				CLANG_WARN_ENUM_CONVERSION = YES;
				CLANG_WARN_INFINITE_RECURSION = YES;
				CLANG_WARN_INT_CONVERSION = YES;
				CLANG_WARN_NON_LITERAL_NULL_CONVERSION = YES;
				CLANG_WARN_OBJC_IMPLICIT_RETAIN_SELF = YES;
				CLANG_WARN_OBJC_LITERAL_CONVERSION = YES;
				CLANG_WARN_OBJC_ROOT_CLASS = YES_ERROR;
				CLANG_WARN_QUOTED_INCLUDE_IN_FRAMEWORK_HEADER = YES;
				CLANG_WARN_RANGE_LOOP_ANALYSIS = YES;
				CLANG_WARN_STRICT_PROTOTYPES = YES;
				CLANG_WARN_SUSPICIOUS_MOVE = YES;
				CLANG_WARN_UNGUARDED_AVAILABILITY = YES_AGGRESSIVE;
				CLANG_WARN_UNREACHABLE_CODE = YES;
				CLANG_WARN__DUPLICATE_METHOD_MATCH = YES;
				COPY_PHASE_STRIP = NO;
				DEBUG_INFORMATION_FORMAT = dwarf;
				ENABLE_STRICT_OBJC_MSGSEND = YES;
				ENABLE_TESTABILITY = YES;
				GCC_C_LANGUAGE_STANDARD = gnu11;
				GCC_DYNAMIC_NO_PIC = NO;
				GCC_NO_COMMON_BLOCKS = YES;
				GCC_OPTIMIZATION_LEVEL = 0;
				GCC_PREPROCESSOR_DEFINITIONS = (
					"DEBUG=1",
					"$(inherited)",
				);
				GCC_WARN_64_TO_32_BIT_CONVERSION = YES;
				GCC_WARN_ABOUT_RETURN_TYPE = YES_ERROR;
				GCC_WARN_UNDECLARED_SELECTOR = YES;
				GCC_WARN_UNINITIALIZED_AUTOS = YES_AGGRESSIVE;
				GCC_WARN_UNUSED_FUNCTION = YES;
				GCC_WARN_UNUSED_VARIABLE = YES;
				IPHONEOS_DEPLOYMENT_TARGET = 15.0;
				MTL_ENABLE_DEBUG_INFO = INCLUDE_SOURCE;
				MTL_FAST_MATH = YES;
				ONLY_ACTIVE_ARCH = YES;
				SDKROOT = iphoneos;
				SWIFT_ACTIVE_COMPILATION_CONDITIONS = DEBUG;
				SWIFT_OPTIMIZATION_LEVEL = "-Onone";
			};
			name = Debug;
		};
		5248864F26F2A26500970899 /* Release */ = {
			isa = XCBuildConfiguration;
			buildSettings = {
				ALWAYS_SEARCH_USER_PATHS = NO;
				CLANG_ANALYZER_NONNULL = YES;
				CLANG_ANALYZER_NUMBER_OBJECT_CONVERSION = YES_AGGRESSIVE;
				CLANG_CXX_LANGUAGE_STANDARD = "gnu++17";
				CLANG_CXX_LIBRARY = "libc++";
				CLANG_ENABLE_MODULES = YES;
				CLANG_ENABLE_OBJC_ARC = YES;
				CLANG_ENABLE_OBJC_WEAK = YES;
				CLANG_WARN_BLOCK_CAPTURE_AUTORELEASING = YES;
				CLANG_WARN_BOOL_CONVERSION = YES;
				CLANG_WARN_COMMA = YES;
				CLANG_WARN_CONSTANT_CONVERSION = YES;
				CLANG_WARN_DEPRECATED_OBJC_IMPLEMENTATIONS = YES;
				CLANG_WARN_DIRECT_OBJC_ISA_USAGE = YES_ERROR;
				CLANG_WARN_DOCUMENTATION_COMMENTS = YES;
				CLANG_WARN_EMPTY_BODY = YES;
				CLANG_WARN_ENUM_CONVERSION = YES;
				CLANG_WARN_INFINITE_RECURSION = YES;
				CLANG_WARN_INT_CONVERSION = YES;
				CLANG_WARN_NON_LITERAL_NULL_CONVERSION = YES;
				CLANG_WARN_OBJC_IMPLICIT_RETAIN_SELF = YES;
				CLANG_WARN_OBJC_LITERAL_CONVERSION = YES;
				CLANG_WARN_OBJC_ROOT_CLASS = YES_ERROR;
				CLANG_WARN_QUOTED_INCLUDE_IN_FRAMEWORK_HEADER = YES;
				CLANG_WARN_RANGE_LOOP_ANALYSIS = YES;
				CLANG_WARN_STRICT_PROTOTYPES = YES;
				CLANG_WARN_SUSPICIOUS_MOVE = YES;
				CLANG_WARN_UNGUARDED_AVAILABILITY = YES_AGGRESSIVE;
				CLANG_WARN_UNREACHABLE_CODE = YES;
				CLANG_WARN__DUPLICATE_METHOD_MATCH = YES;
				COPY_PHASE_STRIP = NO;
				DEBUG_INFORMATION_FORMAT = "dwarf-with-dsym";
				ENABLE_NS_ASSERTIONS = NO;
				ENABLE_STRICT_OBJC_MSGSEND = YES;
				GCC_C_LANGUAGE_STANDARD = gnu11;
				GCC_NO_COMMON_BLOCKS = YES;
				GCC_WARN_64_TO_32_BIT_CONVERSION = YES;
				GCC_WARN_ABOUT_RETURN_TYPE = YES_ERROR;
				GCC_WARN_UNDECLARED_SELECTOR = YES;
				GCC_WARN_UNINITIALIZED_AUTOS = YES_AGGRESSIVE;
				GCC_WARN_UNUSED_FUNCTION = YES;
				GCC_WARN_UNUSED_VARIABLE = YES;
				IPHONEOS_DEPLOYMENT_TARGET = 15.0;
				MTL_ENABLE_DEBUG_INFO = NO;
				MTL_FAST_MATH = YES;
				SDKROOT = iphoneos;
				SWIFT_COMPILATION_MODE = wholemodule;
				SWIFT_OPTIMIZATION_LEVEL = "-O";
				VALIDATE_PRODUCT = YES;
			};
			name = Release;
		};
		5248865126F2A26500970899 /* Debug */ = {
			isa = XCBuildConfiguration;
			buildSettings = {
				ASSETCATALOG_COMPILER_APPICON_NAME = AppIcon;
				ASSETCATALOG_COMPILER_GLOBAL_ACCENT_COLOR_NAME = AccentColor;
				CODE_SIGN_STYLE = Automatic;
				CURRENT_PROJECT_VERSION = 1;
				DEVELOPMENT_ASSET_PATHS = "\"TCACoordinatorsExample/Preview Content\"";
				DEVELOPMENT_TEAM = QJAU94J65Z;
				ENABLE_PREVIEWS = YES;
				GENERATE_INFOPLIST_FILE = YES;
				INFOPLIST_FILE = TCACoordinatorsExample/Info.plist;
				INFOPLIST_KEY_UIApplicationSceneManifest_Generation = YES;
				INFOPLIST_KEY_UIApplicationSupportsIndirectInputEvents = YES;
				INFOPLIST_KEY_UILaunchScreen_Generation = YES;
				INFOPLIST_KEY_UISupportedInterfaceOrientations_iPad = "UIInterfaceOrientationPortrait UIInterfaceOrientationPortraitUpsideDown UIInterfaceOrientationLandscapeLeft UIInterfaceOrientationLandscapeRight";
				INFOPLIST_KEY_UISupportedInterfaceOrientations_iPhone = "UIInterfaceOrientationPortrait UIInterfaceOrientationLandscapeLeft UIInterfaceOrientationLandscapeRight";
				LD_RUNPATH_SEARCH_PATHS = (
					"$(inherited)",
					"@executable_path/Frameworks",
				);
				MARKETING_VERSION = 1.0;
				PRODUCT_BUNDLE_IDENTIFIER = uk.johnpatrickmorgan.TCACoordinatorsExample;
				PRODUCT_NAME = "$(TARGET_NAME)";
				SWIFT_EMIT_LOC_STRINGS = YES;
				SWIFT_VERSION = 5.0;
				TARGETED_DEVICE_FAMILY = "1,2";
			};
			name = Debug;
		};
		5248865226F2A26500970899 /* Release */ = {
			isa = XCBuildConfiguration;
			buildSettings = {
				ASSETCATALOG_COMPILER_APPICON_NAME = AppIcon;
				ASSETCATALOG_COMPILER_GLOBAL_ACCENT_COLOR_NAME = AccentColor;
				CODE_SIGN_STYLE = Automatic;
				CURRENT_PROJECT_VERSION = 1;
				DEVELOPMENT_ASSET_PATHS = "\"TCACoordinatorsExample/Preview Content\"";
				DEVELOPMENT_TEAM = QJAU94J65Z;
				ENABLE_PREVIEWS = YES;
				GENERATE_INFOPLIST_FILE = YES;
				INFOPLIST_FILE = TCACoordinatorsExample/Info.plist;
				INFOPLIST_KEY_UIApplicationSceneManifest_Generation = YES;
				INFOPLIST_KEY_UIApplicationSupportsIndirectInputEvents = YES;
				INFOPLIST_KEY_UILaunchScreen_Generation = YES;
				INFOPLIST_KEY_UISupportedInterfaceOrientations_iPad = "UIInterfaceOrientationPortrait UIInterfaceOrientationPortraitUpsideDown UIInterfaceOrientationLandscapeLeft UIInterfaceOrientationLandscapeRight";
				INFOPLIST_KEY_UISupportedInterfaceOrientations_iPhone = "UIInterfaceOrientationPortrait UIInterfaceOrientationLandscapeLeft UIInterfaceOrientationLandscapeRight";
				LD_RUNPATH_SEARCH_PATHS = (
					"$(inherited)",
					"@executable_path/Frameworks",
				);
				MARKETING_VERSION = 1.0;
				PRODUCT_BUNDLE_IDENTIFIER = uk.johnpatrickmorgan.TCACoordinatorsExample;
				PRODUCT_NAME = "$(TARGET_NAME)";
				SWIFT_EMIT_LOC_STRINGS = YES;
				SWIFT_VERSION = 5.0;
				TARGETED_DEVICE_FAMILY = "1,2";
			};
			name = Release;
		};
		5248865426F2A26500970899 /* Debug */ = {
			isa = XCBuildConfiguration;
			buildSettings = {
				ALWAYS_EMBED_SWIFT_STANDARD_LIBRARIES = YES;
				BUNDLE_LOADER = "$(TEST_HOST)";
				CODE_SIGN_STYLE = Automatic;
				CURRENT_PROJECT_VERSION = 1;
				DEVELOPMENT_TEAM = QJAU94J65Z;
				GENERATE_INFOPLIST_FILE = YES;
				LD_RUNPATH_SEARCH_PATHS = (
					"$(inherited)",
					"@executable_path/Frameworks",
					"@loader_path/Frameworks",
				);
				MARKETING_VERSION = 1.0;
				PRODUCT_BUNDLE_IDENTIFIER = uk.johnpatrickmorgan.TCACoordinatorsExampleTests;
				PRODUCT_NAME = "$(TARGET_NAME)";
				SWIFT_EMIT_LOC_STRINGS = NO;
				SWIFT_VERSION = 5.0;
				TARGETED_DEVICE_FAMILY = "1,2";
				TEST_HOST = "$(BUILT_PRODUCTS_DIR)/TCACoordinatorsExample.app/TCACoordinatorsExample";
			};
			name = Debug;
		};
		5248865526F2A26500970899 /* Release */ = {
			isa = XCBuildConfiguration;
			buildSettings = {
				ALWAYS_EMBED_SWIFT_STANDARD_LIBRARIES = YES;
				BUNDLE_LOADER = "$(TEST_HOST)";
				CODE_SIGN_STYLE = Automatic;
				CURRENT_PROJECT_VERSION = 1;
				DEVELOPMENT_TEAM = QJAU94J65Z;
				GENERATE_INFOPLIST_FILE = YES;
				LD_RUNPATH_SEARCH_PATHS = (
					"$(inherited)",
					"@executable_path/Frameworks",
					"@loader_path/Frameworks",
				);
				MARKETING_VERSION = 1.0;
				PRODUCT_BUNDLE_IDENTIFIER = uk.johnpatrickmorgan.TCACoordinatorsExampleTests;
				PRODUCT_NAME = "$(TARGET_NAME)";
				SWIFT_EMIT_LOC_STRINGS = NO;
				SWIFT_VERSION = 5.0;
				TARGETED_DEVICE_FAMILY = "1,2";
				TEST_HOST = "$(BUILT_PRODUCTS_DIR)/TCACoordinatorsExample.app/TCACoordinatorsExample";
			};
			name = Release;
		};
		5248865726F2A26500970899 /* Debug */ = {
			isa = XCBuildConfiguration;
			buildSettings = {
				ALWAYS_EMBED_SWIFT_STANDARD_LIBRARIES = YES;
				CODE_SIGN_STYLE = Automatic;
				CURRENT_PROJECT_VERSION = 1;
				DEVELOPMENT_TEAM = QJAU94J65Z;
				GENERATE_INFOPLIST_FILE = YES;
				LD_RUNPATH_SEARCH_PATHS = (
					"$(inherited)",
					"@executable_path/Frameworks",
					"@loader_path/Frameworks",
				);
				MARKETING_VERSION = 1.0;
				PRODUCT_BUNDLE_IDENTIFIER = uk.johnpatrickmorgan.TCACoordinatorsExampleUITests;
				PRODUCT_NAME = "$(TARGET_NAME)";
				SWIFT_EMIT_LOC_STRINGS = NO;
				SWIFT_VERSION = 5.0;
				TARGETED_DEVICE_FAMILY = "1,2";
				TEST_TARGET_NAME = TCACoordinatorsExample;
			};
			name = Debug;
		};
		5248865826F2A26500970899 /* Release */ = {
			isa = XCBuildConfiguration;
			buildSettings = {
				ALWAYS_EMBED_SWIFT_STANDARD_LIBRARIES = YES;
				CODE_SIGN_STYLE = Automatic;
				CURRENT_PROJECT_VERSION = 1;
				DEVELOPMENT_TEAM = QJAU94J65Z;
				GENERATE_INFOPLIST_FILE = YES;
				LD_RUNPATH_SEARCH_PATHS = (
					"$(inherited)",
					"@executable_path/Frameworks",
					"@loader_path/Frameworks",
				);
				MARKETING_VERSION = 1.0;
				PRODUCT_BUNDLE_IDENTIFIER = uk.johnpatrickmorgan.TCACoordinatorsExampleUITests;
				PRODUCT_NAME = "$(TARGET_NAME)";
				SWIFT_EMIT_LOC_STRINGS = NO;
				SWIFT_VERSION = 5.0;
				TARGETED_DEVICE_FAMILY = "1,2";
				TEST_TARGET_NAME = TCACoordinatorsExample;
			};
			name = Release;
		};
/* End XCBuildConfiguration section */

/* Begin XCConfigurationList section */
		5248862726F2A26200970899 /* Build configuration list for PBXProject "TCACoordinatorsExample" */ = {
			isa = XCConfigurationList;
			buildConfigurations = (
				5248864E26F2A26500970899 /* Debug */,
				5248864F26F2A26500970899 /* Release */,
			);
			defaultConfigurationIsVisible = 0;
			defaultConfigurationName = Release;
		};
		5248865026F2A26500970899 /* Build configuration list for PBXNativeTarget "TCACoordinatorsExample" */ = {
			isa = XCConfigurationList;
			buildConfigurations = (
				5248865126F2A26500970899 /* Debug */,
				5248865226F2A26500970899 /* Release */,
			);
			defaultConfigurationIsVisible = 0;
			defaultConfigurationName = Release;
		};
		5248865326F2A26500970899 /* Build configuration list for PBXNativeTarget "TCACoordinatorsExampleTests" */ = {
			isa = XCConfigurationList;
			buildConfigurations = (
				5248865426F2A26500970899 /* Debug */,
				5248865526F2A26500970899 /* Release */,
			);
			defaultConfigurationIsVisible = 0;
			defaultConfigurationName = Release;
		};
		5248865626F2A26500970899 /* Build configuration list for PBXNativeTarget "TCACoordinatorsExampleUITests" */ = {
			isa = XCConfigurationList;
			buildConfigurations = (
				5248865726F2A26500970899 /* Debug */,
				5248865826F2A26500970899 /* Release */,
			);
			defaultConfigurationIsVisible = 0;
			defaultConfigurationName = Release;
		};
/* End XCConfigurationList section */

/* Begin XCSwiftPackageProductDependency section */
		5248865F26F2A53B00970899 /* TCACoordinators */ = {
			isa = XCSwiftPackageProductDependency;
			productName = TCACoordinators;
		};
/* End XCSwiftPackageProductDependency section */
	};
	rootObject = 5248862426F2A26200970899 /* Project object */;
}
