{
  "object": {
    "pins": [
      {
        "package": "combine-schedulers",
        "repositoryURL": "https://github.com/pointfreeco/combine-schedulers",
        "state": {
          "branch": null,
          "revision": "9dc9cbe4bc45c65164fa653a563d8d8db61b09bb",
          "version": "1.0.0"
        }
      },
      {
        "package": "FlowStacks",
        "repositoryURL": "https://github.com/johnpatrickmorgan/FlowStacks",
        "state": {
          "branch": null,
          "revision": "14a726e093568c3088ecbd4cd5b578059b029c28",
          "version": "0.3.6"
        }
      },
      {
        "package": "swift-case-paths",
        "repositoryURL": "https://github.com/pointfreeco/swift-case-paths",
        "state": {
          "branch": null,
          "revision": "79623dbe2c7672f5e450d8325613d231454390b3",
          "version": "1.3.2"
        }
      },
      {
        "package": "swift-clocks",
        "repositoryURL": "https://github.com/pointfreeco/swift-clocks",
        "state": {
          "branch": null,
          "revision": "d1fd837326aa719bee979bdde1f53cd5797443eb",
          "version": "1.0.0"
        }
      },
      {
        "package": "swift-collections",
        "repositoryURL": "https://github.com/apple/swift-collections",
        "state": {
          "branch": null,
          "revision": "937e904258d22af6e447a0b72c0bc67583ef64a2",
          "version": "1.0.4"
        }
      },
      {
        "package": "swift-composable-architecture",
        "repositoryURL": "https://github.com/pointfreeco/swift-composable-architecture",
        "state": {
          "branch": null,
          "revision": "899a68ce3c4eca42a42e6bad2c925b82dcab5187",
          "version": "1.9.3"
        }
      },
      {
        "package": "swift-concurrency-extras",
        "repositoryURL": "https://github.com/pointfreeco/swift-concurrency-extras",
        "state": {
          "branch": null,
          "revision": "bb5059bde9022d69ac516803f4f227d8ac967f71",
          "version": "1.1.0"
        }
      },
      {
        "package": "swift-custom-dump",
        "repositoryURL": "https://github.com/pointfreeco/swift-custom-dump",
        "state": {
          "branch": null,
          "revision": "edd66cace818e1b1c6f1b3349bb1d8e00d6f8b01",
          "version": "1.0.0"
        }
      },
      {
        "package": "swift-dependencies",
        "repositoryURL": "https://github.com/pointfreeco/swift-dependencies",
        "state": {
          "branch": null,
          "revision": "63301f4a181ed9aefb46dccef2dfb66466798341",
          "version": "1.1.1"
        }
      },
      {
        "package": "swift-identified-collections",
        "repositoryURL": "https://github.com/pointfreeco/swift-identified-collections",
        "state": {
          "branch": null,
          "revision": "d1e45f3e1eee2c9193f5369fa9d70a6ddad635e8",
          "version": "1.0.0"
        }
      },
      {
        "package": "swift-perception",
        "repositoryURL": "https://github.com/pointfreeco/swift-perception",
        "state": {
          "branch": null,
          "revision": "520c458a832d1287e6b698c5f657ae848fd696ff",
          "version": "1.1.4"
        }
      },
      {
        "package": "swift-syntax",
        "repositoryURL": "https://github.com/apple/swift-syntax",
        "state": {
          "branch": null,
          "revision": "6ad4ea24b01559dde0773e3d091f1b9e36175036",
          "version": "509.0.2"
        }
      },
      {
        "package": "swiftui-navigation",
        "repositoryURL": "https://github.com/pointfreeco/swiftui-navigation",
        "state": {
          "branch": null,
          "revision": "78f9d72cf667adb47e2040aa373185c88c63f0dc",
          "version": "1.2.0"
        }
      },
      {
        "package": "xctest-dynamic-overlay",
        "repositoryURL": "https://github.com/pointfreeco/xctest-dynamic-overlay",
        "state": {
          "branch": null,
          "revision": "6f30bdba373bbd7fbfe241dddd732651f2fbd1e2",
          "version": "1.1.2"
        }
      }
    ]
  },
  "version": 1
}
