{
  "object": {
    "pins": [
      {
        "package": "combine-schedulers",
        "repositoryURL": "https://github.com/pointfreeco/combine-schedulers",
        "state": {
          "branch": null,
          "revision": "5928286acce13def418ec36d05a001a9641086f2",
          "version": "1.0.3"
        }
      },
      {
        "package": "FlowStacks",
        "repositoryURL": "https://github.com/johnpatrickmorgan/FlowStacks",
        "state": {
          "branch": null,
          "revision": "a2b974b81612e1e8ee3ecd757d936a2919527356",
          "version": "0.4.1"
        }
      },
      {
        "package": "swift-case-paths",
        "repositoryURL": "https://github.com/pointfreeco/swift-case-paths",
        "state": {
          "branch": null,
          "revision": "19b7263bacb9751f151ec0c93ec816fe1ef67c7b",
          "version": "1.6.1"
        }
      },
      {
        "package": "swift-clocks",
        "repositoryURL": "https://github.com/pointfreeco/swift-clocks",
        "state": {
          "branch": null,
          "revision": "cc46202b53476d64e824e0b6612da09d84ffde8e",
          "version": "1.0.6"
        }
      },
      {
        "package": "swift-collections",
        "repositoryURL": "https://github.com/apple/swift-collections",
        "state": {
          "branch": null,
          "revision": "671108c96644956dddcd89dd59c203dcdb36cec7",
          "version": "1.1.4"
        }
      },
      {
        "package": "swift-composable-architecture",
        "repositoryURL": "https://github.com/pointfreeco/swift-composable-architecture",
        "state": {
          "branch": null,
          "revision": "2ebda6ae2b155a5c3d75aff5f6d25c024bc91311",
          "version": "1.17.1"
        }
      },
      {
        "package": "swift-concurrency-extras",
        "repositoryURL": "https://github.com/pointfreeco/swift-concurrency-extras",
        "state": {
          "branch": null,
          "revision": "82a4ae7170d98d8538ec77238b7eb8e7199ef2e8",
          "version": "1.3.1"
        }
      },
      {
        "package": "swift-custom-dump",
        "repositoryURL": "https://github.com/pointfreeco/swift-custom-dump",
        "state": {
          "branch": null,
          "revision": "82645ec760917961cfa08c9c0c7104a57a0fa4b1",
          "version": "1.3.3"
        }
      },
      {
        "package": "swift-dependencies",
        "repositoryURL": "https://github.com/pointfreeco/swift-dependencies",
        "state": {
          "branch": null,
          "revision": "52b5e1a09dc016e64ce253e19ab3124b7fae9ac9",
          "version": "1.7.0"
        }
      },
      {
        "package": "swift-identified-collections",
        "repositoryURL": "https://github.com/pointfreeco/swift-identified-collections",
        "state": {
          "branch": null,
          "revision": "322d9ffeeba85c9f7c4984b39422ec7cc3c56597",
          "version": "1.1.1"
        }
      },
      {
        "package": "swift-navigation",
        "repositoryURL": "https://github.com/pointfreeco/swift-navigation",
        "state": {
          "branch": null,
          "revision": "e28911721538fa0c2439e92320bad13e3200866f",
          "version": "2.2.3"
        }
      },
      {
        "package": "swift-perception",
        "repositoryURL": "https://github.com/pointfreeco/swift-perception",
        "state": {
          "branch": null,
          "revision": "21811d6230a625fa0f2e6ffa85be857075cc02c4",
          "version": "1.5.0"
        }
      },
      {
        "package": "swift-sharing",
        "repositoryURL": "https://github.com/pointfreeco/swift-sharing",
        "state": {
          "branch": null,
          "revision": "e4e239979e718ce52fb67ffd14ef491cede7ab43",
          "version": "2.2.0"
        }
      },
      {
        "package": "swift-syntax",
        "repositoryURL": "https://github.com/swiftlang/swift-syntax",
        "state": {
          "branch": null,
          "revision": "0687f71944021d616d34d922343dcef086855920",
          "version": "600.0.1"
        }
      },
      {
        "package": "xctest-dynamic-overlay",
        "repositoryURL": "https://github.com/pointfreeco/xctest-dynamic-overlay",
        "state": {
          "branch": null,
          "revision": "b444594f79844b0d6d76d70fbfb3f7f71728f938",
          "version": "1.5.1"
        }
      }
    ]
  },
  "version": 1
}
