{
  "object": {
    "pins": [
      {
        "package": "combine-schedulers",
        "repositoryURL": "https://github.com/pointfreeco/combine-schedulers",
        "state": {
          "branch": null,
          "revision": "9dc9cbe4bc45c65164fa653a563d8d8db61b09bb",
          "version": "1.0.0"
        }
      },
      {
        "package": "FlowStacks",
        "repositoryURL": "https://github.com/johnpatrickmorgan/FlowStacks",
        "state": {
          "branch": null,
          "revision": "468de8179d68f9e150ffafcb4574dee52dfa3976",
          "version": "0.4.0"
        }
      },
      {
        "package": "swift-case-paths",
        "repositoryURL": "https://github.com/pointfreeco/swift-case-paths",
        "state": {
          "branch": null,
          "revision": "79623dbe2c7672f5e450d8325613d231454390b3",
          "version": "1.3.2"
        }
      },
      {
        "package": "swift-clocks",
        "repositoryURL": "https://github.com/pointfreeco/swift-clocks",
        "state": {
          "branch": null,
          "revision": "a8421d68068d8f45fbceb418fbf22c5dad4afd33",
          "version": "1.0.2"
        }
      },
      {
        "package": "swift-collections",
        "repositoryURL": "https://github.com/apple/swift-collections",
        "state": {
          "branch": null,
          "revision": "94cf62b3ba8d4bed62680a282d4c25f9c63c2efb",
          "version": "1.1.0"
        }
      },
      {
        "package": "swift-composable-architecture",
        "repositoryURL": "https://github.com/pointfreeco/swift-composable-architecture",
        "state": {
          "branch": null,
          "revision": "115fe5af41d333b6156d4924d7c7058bc77fd580",
          "version": "1.9.2"
        }
      },
      {
        "package": "swift-concurrency-extras",
        "repositoryURL": "https://github.com/pointfreeco/swift-concurrency-extras",
        "state": {
          "branch": null,
          "revision": "bb5059bde9022d69ac516803f4f227d8ac967f71",
          "version": "1.1.0"
        }
      },
      {
        "package": "swift-custom-dump",
        "repositoryURL": "https://github.com/pointfreeco/swift-custom-dump",
        "state": {
          "branch": null,
          "revision": "f01efb26f3a192a0e88dcdb7c3c391ec2fc25d9c",
          "version": "1.3.0"
        }
      },
      {
        "package": "swift-dependencies",
        "repositoryURL": "https://github.com/pointfreeco/swift-dependencies",
        "state": {
          "branch": null,
          "revision": "d3a5af3038a09add4d7682f66555d6212058a3c0",
          "version": "1.2.2"
        }
      },
      {
        "package": "swift-identified-collections",
        "repositoryURL": "https://github.com/pointfreeco/swift-identified-collections",
        "state": {
          "branch": null,
          "revision": "d1e45f3e1eee2c9193f5369fa9d70a6ddad635e8",
          "version": "1.0.0"
        }
      },
      {
        "package": "swift-perception",
        "repositoryURL": "https://github.com/pointfreeco/swift-perception",
        "state": {
          "branch": null,
          "revision": "520c458a832d1287e6b698c5f657ae848fd696ff",
          "version": "1.1.4"
        }
      },
      {
        "package": "swift-syntax",
        "repositoryURL": "https://github.com/apple/swift-syntax",
        "state": {
          "branch": null,
          "revision": "fa8f95c2d536d6620cc2f504ebe8a6167c9fc2dd",
          "version": "510.0.1"
        }
      },
      {
        "package": "swiftui-navigation",
        "repositoryURL": "https://github.com/pointfreeco/swiftui-navigation",
        "state": {
          "branch": null,
          "revision": "2ec6c3a15293efff6083966b38439a4004f25565",
          "version": "1.3.0"
        }
      },
      {
        "package": "xctest-dynamic-overlay",
        "repositoryURL": "https://github.com/pointfreeco/xctest-dynamic-overlay",
        "state": {
          "branch": null,
          "revision": "6f30bdba373bbd7fbfe241dddd732651f2fbd1e2",
          "version": "1.1.2"
        }
      }
    ]
  },
  "version": 1
}
